
Microsoft Visual Studio Solution File, Format Version 12.00
# Visual Studio Version 17
VisualStudioVersion = 17.6.33829.357
MinimumVisualStudioVersion = 10.0.40219.1
Project("{FAE04EC0-301F-11D3-BF4B-00C04F79EFBC}") = "SistemaCadastro", "SistemaCadastro\SistemaCadastro.csproj", "{11DD714A-7488-462B-83DA-1A038E7D542B}"
EndProject
Global
	GlobalSection(SolutionConfigurationPlatforms) = preSolution
		Debug|Any CPU = Debug|Any CPU
		Release|Any CPU = Release|Any CPU
	EndGlobalSection
	GlobalSection(ProjectConfigurationPlatforms) = postSolution
		{11DD714A-7488-462B-83DA-1A038E7D542B}.Debug|Any CPU.ActiveCfg = Debug|Any CPU
		{11DD714A-7488-462B-83DA-1A038E7D542B}.Debug|Any CPU.Build.0 = Debug|Any CPU
		{11DD714A-7488-462B-83DA-1A038E7D542B}.Release|Any CPU.ActiveCfg = Release|Any CPU
		{11DD714A-7488-462B-83DA-1A038E7D542B}.Release|Any CPU.Build.0 = Release|Any CPU
	EndGlobalSection
	GlobalSection(SolutionProperties) = preSolution
		HideSolutionNode = FALSE
	EndGlobalSection
	GlobalSection(ExtensibilityGlobals) = postSolution
		SolutionGuid = {7653C538-D54D-4154-8A16-6C1A2D55E0CA}
	EndGlobalSection
EndGlobal
